// !$*UTF8*$!
{
	archiveVersion = 1;
	classes = {
	};
	objectVersion = 46;
	objects = {

/* Begin PBXBuildFile section */
		2326A2A603022204F95C1F32 /* Pods_PlaceViewer.framework in Frameworks */ = {isa = PBXBuildFile; fileRef = 482F07C096AFB14DE1EEE855 /* Pods_PlaceViewer.framework */; };
		7ADB40EB1E9DD590002CC24D /* AppDelegate.swift in Sources */ = {isa = PBXBuildFile; fileRef = 7ADB40EA1E9DD590002CC24D /* AppDelegate.swift */; };
		7ADB40ED1E9DD590002CC24D /* PlaceViewerViewController.swift in Sources */ = {isa = PBXBuildFile; fileRef = 7ADB40EC1E9DD590002CC24D /* PlaceViewerViewController.swift */; };
		7ADB40F21E9DD590002CC24D /* Assets.xcassets in Resources */ = {isa = PBXBuildFile; fileRef = 7ADB40F11E9DD590002CC24D /* Assets.xcassets */; };
		7ADB40F51E9DD590002CC24D /* LaunchScreen.storyboard in Resources */ = {isa = PBXBuildFile; fileRef = 7ADB40F31E9DD590002CC24D /* LaunchScreen.storyboard */; };
		7ADB40FF1E9DD5C6002CC24D /* DiffManager.swift in Sources */ = {isa = PBXBuildFile; fileRef = 7ADB40FE1E9DD5C6002CC24D /* DiffManager.swift */; };
		7ADB41011E9DD951002CC24D /* HexColor.swift in Sources */ = {isa = PBXBuildFile; fileRef = 7ADB41001E9DD951002CC24D /* HexColor.swift */; };
		7ADB41051E9DDEC9002CC24D /* PlaceViewerViewController.xib in Resources */ = {isa = PBXBuildFile; fileRef = 7ADB41041E9DDEC9002CC24D /* PlaceViewerViewController.xib */; };
		7ADB41091E9EAFBC002CC24D /* diffs.bin.zip in Resources */ = {isa = PBXBuildFile; fileRef = 7ADB41081E9EAFBC002CC24D /* diffs.bin.zip */; };
/* End PBXBuildFile section */

/* Begin PBXFileReference section */
		0FBF9CD9219BFE4D1B76D406 /* Pods-PlaceViewer.release.xcconfig */ = {isa = PBXFileReference; includeInIndex = 1; lastKnownFileType = text.xcconfig; name = "Pods-PlaceViewer.release.xcconfig"; path = "Pods/Target Support Files/Pods-PlaceViewer/Pods-PlaceViewer.release.xcconfig"; sourceTree = "<group>"; };
		482F07C096AFB14DE1EEE855 /* Pods_PlaceViewer.framework */ = {isa = PBXFileReference; explicitFileType = wrapper.framework; includeInIndex = 0; path = Pods_PlaceViewer.framework; sourceTree = BUILT_PRODUCTS_DIR; };
		7ADB40E71E9DD590002CC24D /* PlaceViewer.app */ = {isa = PBXFileReference; explicitFileType = wrapper.application; includeInIndex = 0; path = PlaceViewer.app; sourceTree = BUILT_PRODUCTS_DIR; };
		7ADB40EA1E9DD590002CC24D /* AppDelegate.swift */ = {isa = PBXFileReference; lastKnownFileType = sourcecode.swift; path = AppDelegate.swift; sourceTree = "<group>"; };
		7ADB40EC1E9DD590002CC24D /* PlaceViewerViewController.swift */ = {isa = PBXFileReference; lastKnownFileType = sourcecode.swift; path = PlaceViewerViewController.swift; sourceTree = "<group>"; };
		7ADB40F11E9DD590002CC24D /* Assets.xcassets */ = {isa = PBXFileReference; lastKnownFileType = folder.assetcatalog; path = Assets.xcassets; sourceTree = "<group>"; };
		7ADB40F41E9DD590002CC24D /* Base */ = {isa = PBXFileReference; lastKnownFileType = file.storyboard; name = Base; path = Base.lproj/LaunchScreen.storyboard; sourceTree = "<group>"; };
		7ADB40F61E9DD590002CC24D /* Info.plist */ = {isa = PBXFileReference; lastKnownFileType = text.plist.xml; path = Info.plist; sourceTree = "<group>"; };
		7ADB40FE1E9DD5C6002CC24D /* DiffManager.swift */ = {isa = PBXFileReference; fileEncoding = 4; lastKnownFileType = sourcecode.swift; path = DiffManager.swift; sourceTree = "<group>"; };
		7ADB41001E9DD951002CC24D /* HexColor.swift */ = {isa = PBXFileReference; fileEncoding = 4; lastKnownFileType = sourcecode.swift; path = HexColor.swift; sourceTree = "<group>"; };
		7ADB41041E9DDEC9002CC24D /* PlaceViewerViewController.xib */ = {isa = PBXFileReference; fileEncoding = 4; lastKnownFileType = file.xib; path = PlaceViewerViewController.xib; sourceTree = "<group>"; };
		7ADB41081E9EAFBC002CC24D /* diffs.bin.zip */ = {isa = PBXFileReference; lastKnownFileType = archive.zip; path = diffs.bin.zip; sourceTree = "<group>"; };
		7CE8A16653A8C246D8BAB8D2 /* Pods-PlaceViewer.debug.xcconfig */ = {isa = PBXFileReference; includeInIndex = 1; lastKnownFileType = text.xcconfig; name = "Pods-PlaceViewer.debug.xcconfig"; path = "Pods/Target Support Files/Pods-PlaceViewer/Pods-PlaceViewer.debug.xcconfig"; sourceTree = "<group>"; };
/* End PBXFileReference section */

/* Begin PBXFrameworksBuildPhase section */
		7ADB40E41E9DD590002CC24D /* Frameworks */ = {
			isa = PBXFrameworksBuildPhase;
			buildActionMask = 2147483647;
			files = (
				2326A2A603022204F95C1F32 /* Pods_PlaceViewer.framework in Frameworks */,
			);
			runOnlyForDeploymentPostprocessing = 0;
		};
/* End PBXFrameworksBuildPhase section */

/* Begin PBXGroup section */
		198FA74BA96AD349728F7612 /* Frameworks */ = {
			isa = PBXGroup;
			children = (
				482F07C096AFB14DE1EEE855 /* Pods_PlaceViewer.framework */,
			);
			name = Frameworks;
			sourceTree = "<group>";
		};
		6A346DC2E989BE7C841666F1 /* Pods */ = {
			isa = PBXGroup;
			children = (
				7CE8A16653A8C246D8BAB8D2 /* Pods-PlaceViewer.debug.xcconfig */,
				0FBF9CD9219BFE4D1B76D406 /* Pods-PlaceViewer.release.xcconfig */,
			);
			name = Pods;
			sourceTree = "<group>";
		};
		7ADB40DE1E9DD590002CC24D = {
			isa = PBXGroup;
			children = (
				7ADB40E91E9DD590002CC24D /* PlaceViewer */,
				7ADB40E81E9DD590002CC24D /* Products */,
				6A346DC2E989BE7C841666F1 /* Pods */,
				198FA74BA96AD349728F7612 /* Frameworks */,
			);
			sourceTree = "<group>";
		};
		7ADB40E81E9DD590002CC24D /* Products */ = {
			isa = PBXGroup;
			children = (
				7ADB40E71E9DD590002CC24D /* PlaceViewer.app */,
			);
			name = Products;
			sourceTree = "<group>";
		};
		7ADB40E91E9DD590002CC24D /* PlaceViewer */ = {
			isa = PBXGroup;
			children = (
				7ADB41081E9EAFBC002CC24D /* diffs.bin.zip */,
				7ADB40EA1E9DD590002CC24D /* AppDelegate.swift */,
				7ADB40EC1E9DD590002CC24D /* PlaceViewerViewController.swift */,
				7ADB41041E9DDEC9002CC24D /* PlaceViewerViewController.xib */,
				7ADB40FE1E9DD5C6002CC24D /* DiffManager.swift */,
				7ADB41001E9DD951002CC24D /* HexColor.swift */,
				7ADB40F11E9DD590002CC24D /* Assets.xcassets */,
				7ADB40F31E9DD590002CC24D /* LaunchScreen.storyboard */,
				7ADB40F61E9DD590002CC24D /* Info.plist */,
			);
			path = PlaceViewer;
			sourceTree = "<group>";
		};
/* End PBXGroup section */

/* Begin PBXNativeTarget section */
		7ADB40E61E9DD590002CC24D /* PlaceViewer */ = {
			isa = PBXNativeTarget;
			buildConfigurationList = 7ADB40F91E9DD590002CC24D /* Build configuration list for PBXNativeTarget "PlaceViewer" */;
			buildPhases = (
				38065D7BD098B21066ED066B /* [CP] Check Pods Manifest.lock */,
				7ADB40E31E9DD590002CC24D /* Sources */,
				7ADB40E41E9DD590002CC24D /* Frameworks */,
				7ADB40E51E9DD590002CC24D /* Resources */,
				199655889CD9CC5BC204E452 /* [CP] Embed Pods Frameworks */,
				F25715E6F83EB489432326FE /* [CP] Copy Pods Resources */,
			);
			buildRules = (
			);
			dependencies = (
			);
			name = PlaceViewer;
			productName = PlaceViewer;
			productReference = 7ADB40E71E9DD590002CC24D /* PlaceViewer.app */;
			productType = "com.apple.product-type.application";
		};
/* End PBXNativeTarget section */

/* Begin PBXProject section */
		7ADB40DF1E9DD590002CC24D /* Project object */ = {
			isa = PBXProject;
			attributes = {
				LastSwiftUpdateCheck = 0830;
				LastUpgradeCheck = 0830;
				ORGANIZATIONNAME = "Cory Wilhite";
				TargetAttributes = {
					7ADB40E61E9DD590002CC24D = {
						CreatedOnToolsVersion = 8.3.1;
						DevelopmentTeam = A337S7NCVP;
						ProvisioningStyle = Automatic;
					};
				};
			};
			buildConfigurationList = 7ADB40E21E9DD590002CC24D /* Build configuration list for PBXProject "PlaceViewer" */;
			compatibilityVersion = "Xcode 3.2";
			developmentRegion = English;
			hasScannedForEncodings = 0;
			knownRegions = (
				en,
				Base,
			);
			mainGroup = 7ADB40DE1E9DD590002CC24D;
			productRefGroup = 7ADB40E81E9DD590002CC24D /* Products */;
			projectDirPath = "";
			projectRoot = "";
			targets = (
				7ADB40E61E9DD590002CC24D /* PlaceViewer */,
			);
		};
/* End PBXProject section */

/* Begin PBXResourcesBuildPhase section */
		7ADB40E51E9DD590002CC24D /* Resources */ = {
			isa = PBXResourcesBuildPhase;
			buildActionMask = 2147483647;
			files = (
				7ADB41051E9DDEC9002CC24D /* PlaceViewerViewController.xib in Resources */,
				7ADB40F51E9DD590002CC24D /* LaunchScreen.storyboard in Resources */,
				7ADB41091E9EAFBC002CC24D /* diffs.bin.zip in Resources */,
				7ADB40F21E9DD590002CC24D /* Assets.xcassets in Resources */,
			);
			runOnlyForDeploymentPostprocessing = 0;
		};
/* End PBXResourcesBuildPhase section */

/* Begin PBXShellScriptBuildPhase section */
		199655889CD9CC5BC204E452 /* [CP] Embed Pods Frameworks */ = {
			isa = PBXShellScriptBuildPhase;
			buildActionMask = 2147483647;
			files = (
			);
			inputPaths = (
			);
			name = "[CP] Embed Pods Frameworks";
			outputPaths = (
			);
			runOnlyForDeploymentPostprocessing = 0;
			shellPath = /bin/sh;
			shellScript = "\"${SRCROOT}/Pods/Target Support Files/Pods-PlaceViewer/Pods-PlaceViewer-frameworks.sh\"\n";
			showEnvVarsInLog = 0;
		};
		38065D7BD098B21066ED066B /* [CP] Check Pods Manifest.lock */ = {
			isa = PBXShellScriptBuildPhase;
			buildActionMask = 2147483647;
			files = (
			);
			inputPaths = (
			);
			name = "[CP] Check Pods Manifest.lock";
			outputPaths = (
			);
			runOnlyForDeploymentPostprocessing = 0;
			shellPath = /bin/sh;
			shellScript = "diff \"${PODS_ROOT}/../Podfile.lock\" \"${PODS_ROOT}/Manifest.lock\" > /dev/null\nif [ $? != 0 ] ; then\n    # print error to STDERR\n    echo \"error: The sandbox is not in sync with the Podfile.lock. Run 'pod install' or update your CocoaPods installation.\" >&2\n    exit 1\nfi\n";
			showEnvVarsInLog = 0;
		};
		F25715E6F83EB489432326FE /* [CP] Copy Pods Resources */ = {
			isa = PBXShellScriptBuildPhase;
			buildActionMask = 2147483647;
			files = (
			);
			inputPaths = (
			);
			name = "[CP] Copy Pods Resources";
			outputPaths = (
			);
			runOnlyForDeploymentPostprocessing = 0;
			shellPath = /bin/sh;
			shellScript = "\"${SRCROOT}/Pods/Target Support Files/Pods-PlaceViewer/Pods-PlaceViewer-resources.sh\"\n";
			showEnvVarsInLog = 0;
		};
/* End PBXShellScriptBuildPhase section */

/* Begin PBXSourcesBuildPhase section */
		7ADB40E31E9DD590002CC24D /* Sources */ = {
			isa = PBXSourcesBuildPhase;
			buildActionMask = 2147483647;
			files = (
				7ADB40ED1E9DD590002CC24D /* PlaceViewerViewController.swift in Sources */,
				7ADB41011E9DD951002CC24D /* HexColor.swift in Sources */,
				7ADB40FF1E9DD5C6002CC24D /* DiffManager.swift in Sources */,
				7ADB40EB1E9DD590002CC24D /* AppDelegate.swift in Sources */,
			);
			runOnlyForDeploymentPostprocessing = 0;
		};
/* End PBXSourcesBuildPhase section */

/* Begin PBXVariantGroup section */
		7ADB40F31E9DD590002CC24D /* LaunchScreen.storyboard */ = {
			isa = PBXVariantGroup;
			children = (
				7ADB40F41E9DD590002CC24D /* Base */,
			);
			name = LaunchScreen.storyboard;
			sourceTree = "<group>";
		};
/* End PBXVariantGroup section */

/* Begin XCBuildConfiguration section */
		7ADB40F71E9DD590002CC24D /* Debug */ = {
			isa = XCBuildConfiguration;
			buildSettings = {
				ALWAYS_SEARCH_USER_PATHS = NO;
				CLANG_ANALYZER_NONNULL = YES;
				CLANG_ANALYZER_NUMBER_OBJECT_CONVERSION = YES_AGGRESSIVE;
				CLANG_CXX_LANGUAGE_STANDARD = "gnu++0x";
				CLANG_CXX_LIBRARY = "libc++";
				CLANG_ENABLE_MODULES = YES;
				CLANG_ENABLE_OBJC_ARC = YES;
				CLANG_WARN_BOOL_CONVERSION = YES;
				CLANG_WARN_CONSTANT_CONVERSION = YES;
				CLANG_WARN_DIRECT_OBJC_ISA_USAGE = YES_ERROR;
				CLANG_WARN_DOCUMENTATION_COMMENTS = YES;
				CLANG_WARN_EMPTY_BODY = YES;
				CLANG_WARN_ENUM_CONVERSION = YES;
				CLANG_WARN_INFINITE_RECURSION = YES;
				CLANG_WARN_INT_CONVERSION = YES;
				CLANG_WARN_OBJC_ROOT_CLASS = YES_ERROR;
				CLANG_WARN_SUSPICIOUS_MOVE = YES;
				CLANG_WARN_UNREACHABLE_CODE = YES;
				CLANG_WARN__DUPLICATE_METHOD_MATCH = YES;
				"CODE_SIGN_IDENTITY[sdk=iphoneos*]" = "iPhone Developer";
				COPY_PHASE_STRIP = NO;
				DEBUG_INFORMATION_FORMAT = dwarf;
				ENABLE_STRICT_OBJC_MSGSEND = YES;
				ENABLE_TESTABILITY = YES;
				GCC_C_LANGUAGE_STANDARD = gnu99;
				GCC_DYNAMIC_NO_PIC = NO;
				GCC_NO_COMMON_BLOCKS = YES;
				GCC_OPTIMIZATION_LEVEL = 0;
				GCC_PREPROCESSOR_DEFINITIONS = (
					"DEBUG=1",
					"$(inherited)",
				);
				GCC_WARN_64_TO_32_BIT_CONVERSION = YES;
				GCC_WARN_ABOUT_RETURN_TYPE = YES_ERROR;
				GCC_WARN_UNDECLARED_SELECTOR = YES;
				GCC_WARN_UNINITIALIZED_AUTOS = YES_AGGRESSIVE;
				GCC_WARN_UNUSED_FUNCTION = YES;
				GCC_WARN_UNUSED_VARIABLE = YES;
				IPHONEOS_DEPLOYMENT_TARGET = 10.3;
				MTL_ENABLE_DEBUG_INFO = YES;
				ONLY_ACTIVE_ARCH = YES;
				SDKROOT = iphoneos;
				SWIFT_ACTIVE_COMPILATION_CONDITIONS = DEBUG;
				SWIFT_OPTIMIZATION_LEVEL = "-Onone";
				TARGETED_DEVICE_FAMILY = "1,2";
			};
			name = Debug;
		};
		7ADB40F81E9DD590002CC24D /* Release */ = {
			isa = XCBuildConfiguration;
			buildSettings = {
				ALWAYS_SEARCH_USER_PATHS = NO;
				CLANG_ANALYZER_NONNULL = YES;
				CLANG_ANALYZER_NUMBER_OBJECT_CONVERSION = YES_AGGRESSIVE;
				CLANG_CXX_LANGUAGE_STANDARD = "gnu++0x";
				CLANG_CXX_LIBRARY = "libc++";
				CLANG_ENABLE_MODULES = YES;
				CLANG_ENABLE_OBJC_ARC = YES;
				CLANG_WARN_BOOL_CONVERSION = YES;
				CLANG_WARN_CONSTANT_CONVERSION = YES;
				CLANG_WARN_DIRECT_OBJC_ISA_USAGE = YES_ERROR;
				CLANG_WARN_DOCUMENTATION_COMMENTS = YES;
				CLANG_WARN_EMPTY_BODY = YES;
				CLANG_WARN_ENUM_CONVERSION = YES;
				CLANG_WARN_INFINITE_RECURSION = YES;
				CLANG_WARN_INT_CONVERSION = YES;
				CLANG_WARN_OBJC_ROOT_CLASS = YES_ERROR;
				CLANG_WARN_SUSPICIOUS_MOVE = YES;
				CLANG_WARN_UNREACHABLE_CODE = YES;
				CLANG_WARN__DUPLICATE_METHOD_MATCH = YES;
				"CODE_SIGN_IDENTITY[sdk=iphoneos*]" = "iPhone Developer";
				COPY_PHASE_STRIP = NO;
				DEBUG_INFORMATION_FORMAT = "dwarf-with-dsym";
				ENABLE_NS_ASSERTIONS = NO;
				ENABLE_STRICT_OBJC_MSGSEND = YES;
				GCC_C_LANGUAGE_STANDARD = gnu99;
				GCC_NO_COMMON_BLOCKS = YES;
				GCC_WARN_64_TO_32_BIT_CONVERSION = YES;
				GCC_WARN_ABOUT_RETURN_TYPE = YES_ERROR;
				GCC_WARN_UNDECLARED_SELECTOR = YES;
				GCC_WARN_UNINITIALIZED_AUTOS = YES_AGGRESSIVE;
				GCC_WARN_UNUSED_FUNCTION = YES;
				GCC_WARN_UNUSED_VARIABLE = YES;
				IPHONEOS_DEPLOYMENT_TARGET = 10.3;
				MTL_ENABLE_DEBUG_INFO = NO;
				SDKROOT = iphoneos;
				SWIFT_OPTIMIZATION_LEVEL = "-Owholemodule";
				TARGETED_DEVICE_FAMILY = "1,2";
				VALIDATE_PRODUCT = YES;
			};
			name = Release;
		};
		7ADB40FA1E9DD590002CC24D /* Debug */ = {
			isa = XCBuildConfiguration;
			baseConfigurationReference = 7CE8A16653A8C246D8BAB8D2 /* Pods-PlaceViewer.debug.xcconfig */;
			buildSettings = {
				ASSETCATALOG_COMPILER_APPICON_NAME = AppIcon;
				DEVELOPMENT_TEAM = A337S7NCVP;
				INFOPLIST_FILE = PlaceViewer/Info.plist;
				LD_RUNPATH_SEARCH_PATHS = "$(inherited) @executable_path/Frameworks";
				PRODUCT_BUNDLE_IDENTIFIER = com.corywilhite.PlaceViewer;
				PRODUCT_NAME = "$(TARGET_NAME)";
				SWIFT_VERSION = 3.0;
			};
			name = Debug;
		};
		7ADB40FB1E9DD590002CC24D /* Release */ = {
			isa = XCBuildConfiguration;
			baseConfigurationReference = 0FBF9CD9219BFE4D1B76D406 /* Pods-PlaceViewer.release.xcconfig */;
			buildSettings = {
				ASSETCATALOG_COMPILER_APPICON_NAME = AppIcon;
				DEVELOPMENT_TEAM = A337S7NCVP;
				INFOPLIST_FILE = PlaceViewer/Info.plist;
				LD_RUNPATH_SEARCH_PATHS = "$(inherited) @executable_path/Frameworks";
				PRODUCT_BUNDLE_IDENTIFIER = com.corywilhite.PlaceViewer;
				PRODUCT_NAME = "$(TARGET_NAME)";
				SWIFT_VERSION = 3.0;
			};
			name = Release;
		};
/* End XCBuildConfiguration section */

/* Begin XCConfigurationList section */
		7ADB40E21E9DD590002CC24D /* Build configuration list for PBXProject "PlaceViewer" */ = {
			isa = XCConfigurationList;
			buildConfigurations = (
				7ADB40F71E9DD590002CC24D /* Debug */,
				7ADB40F81E9DD590002CC24D /* Release */,
			);
			defaultConfigurationIsVisible = 0;
			defaultConfigurationName = Release;
		};
		7ADB40F91E9DD590002CC24D /* Build configuration list for PBXNativeTarget "PlaceViewer" */ = {
			isa = XCConfigurationList;
			buildConfigurations = (
				7ADB40FA1E9DD590002CC24D /* Debug */,
				7ADB40FB1E9DD590002CC24D /* Release */,
			);
			defaultConfigurationIsVisible = 0;
			defaultConfigurationName = Release;
		};
/* End XCConfigurationList section */
	};
	rootObject = 7ADB40DF1E9DD590002CC24D /* Project object */;
}
